// !$*UTF8*$!
{
	archiveVersion = 1;
	classes = {
	};
	objectVersion = 55;
	objects = {

/* Begin PBXBuildFile section */
		9B01412627C8FE810030CDC7 /* MyPlaceRowView.swift in Sources */ = {isa = PBXBuildFile; fileRef = 9B01412527C8FE810030CDC7 /* MyPlaceRowView.swift */; };
		9B025B5F27DB6A1000B3271A /* Settings.bundle in Resources */ = {isa = PBXBuildFile; fileRef = 9B025B5E27DB6A1000B3271A /* Settings.bundle */; };
		9B0FCE0827D4C1E3003A9CFA /* SheetModifier.swift in Sources */ = {isa = PBXBuildFile; fileRef = 9B0FCE0727D4C1E3003A9CFA /* SheetModifier.swift */; };
		9B20A65C2796F42A0029CA0E /* AppDelegate.swift in Sources */ = {isa = PBXBuildFile; fileRef = 9B20A65B2796F42A0029CA0E /* AppDelegate.swift */; };
		9B20A65E2796F42A0029CA0E /* SceneDelegate.swift in Sources */ = {isa = PBXBuildFile; fileRef = 9B20A65D2796F42A0029CA0E /* SceneDelegate.swift */; };
		9B20A6652796F42B0029CA0E /* Assets.xcassets in Resources */ = {isa = PBXBuildFile; fileRef = 9B20A6642796F42B0029CA0E /* Assets.xcassets */; };
		9B20A6682796F42B0029CA0E /* LaunchScreen.storyboard in Resources */ = {isa = PBXBuildFile; fileRef = 9B20A6662796F42B0029CA0E /* LaunchScreen.storyboard */; };
		9B20A6702796F4D80029CA0E /* ContentView.swift in Sources */ = {isa = PBXBuildFile; fileRef = 9B20A66F2796F4D80029CA0E /* ContentView.swift */; };
		9B2AB36D27A015B700B30242 /* OnboardingView.swift in Sources */ = {isa = PBXBuildFile; fileRef = 9B2AB36C27A015B700B30242 /* OnboardingView.swift */; };
		9B2BCB0D27D895E800C1C16E /* Color + Extensions.swift in Sources */ = {isa = PBXBuildFile; fileRef = 9B2BCB0C27D895E800C1C16E /* Color + Extensions.swift */; };
		9B35BA4C27CDDA4B0013C1EA /* TabsView.swift in Sources */ = {isa = PBXBuildFile; fileRef = 9B35BA4B27CDDA4B0013C1EA /* TabsView.swift */; };
		9B35BA4F27CDFC430013C1EA /* LoginManager.swift in Sources */ = {isa = PBXBuildFile; fileRef = 9B35BA4E27CDFC430013C1EA /* LoginManager.swift */; };
		9B3DE9A227BE2FAE00DAD9CC /* MyPlaceView.swift in Sources */ = {isa = PBXBuildFile; fileRef = 9B3DE9A127BE2FAE00DAD9CC /* MyPlaceView.swift */; };
		9B3DE9A427BE337D00DAD9CC /* Font + Extensions.swift in Sources */ = {isa = PBXBuildFile; fileRef = 9B3DE9A327BE337D00DAD9CC /* Font + Extensions.swift */; };
		9B43E02827C9C9AA0042F9C4 /* PlaceListDetailView.swift in Sources */ = {isa = PBXBuildFile; fileRef = 9B43E02727C9C9AA0042F9C4 /* PlaceListDetailView.swift */; };
		9B43E02A27C9DB0F0042F9C4 /* DummyData.swift in Sources */ = {isa = PBXBuildFile; fileRef = 9B43E02927C9DB0F0042F9C4 /* DummyData.swift */; };
		9B43E02C27C9EE410042F9C4 /* SimplePlaceCardView.swift in Sources */ = {isa = PBXBuildFile; fileRef = 9B43E02B27C9EE410042F9C4 /* SimplePlaceCardView.swift */; };
		9B43E02E27C9F97A0042F9C4 /* MyPlacerowViewModel.swift in Sources */ = {isa = PBXBuildFile; fileRef = 9B43E02D27C9F97A0042F9C4 /* MyPlacerowViewModel.swift */; };
		9B44BEF627C5E7D600755AD5 /* LargePlaceCardView.swift in Sources */ = {isa = PBXBuildFile; fileRef = 9B44BEF527C5E7D600755AD5 /* LargePlaceCardView.swift */; };
		9B44BEF827C5E98E00755AD5 /* PlaceCardView.swift in Sources */ = {isa = PBXBuildFile; fileRef = 9B44BEF727C5E98E00755AD5 /* PlaceCardView.swift */; };
		9B44BEFA27C6217300755AD5 /* SearchBarView.swift in Sources */ = {isa = PBXBuildFile; fileRef = 9B44BEF927C6217300755AD5 /* SearchBarView.swift */; };
		9B4A02D827A6B8240037D05F /* MapView.swift in Sources */ = {isa = PBXBuildFile; fileRef = 9B4A02D727A6B8240037D05F /* MapView.swift */; };
		9B4A02DC27A6BD170037D05F /* UIMapView.swift in Sources */ = {isa = PBXBuildFile; fileRef = 9B4A02DB27A6BD170037D05F /* UIMapView.swift */; };
		9B51C8B927B0D98700F3B76C /* PlaceSearchManager.swift in Sources */ = {isa = PBXBuildFile; fileRef = 9B51C8B827B0D98700F3B76C /* PlaceSearchManager.swift */; };
		9B51C8BF27B0EB2700F3B76C /* Place.swift in Sources */ = {isa = PBXBuildFile; fileRef = 9B51C8BE27B0EB2700F3B76C /* Place.swift */; };
		9B51C8C127B0F15200F3B76C /* SearchFieldView.swift in Sources */ = {isa = PBXBuildFile; fileRef = 9B51C8C027B0F15200F3B76C /* SearchFieldView.swift */; };
		9B51C8C427B0F21300F3B76C /* SearchManager.swift in Sources */ = {isa = PBXBuildFile; fileRef = 9B51C8C327B0F21300F3B76C /* SearchManager.swift */; };
		9B5D5B4A27F33AEF00B81831 /* FavoritePlacesManager.swift in Sources */ = {isa = PBXBuildFile; fileRef = 9B5D5B4927F33AEF00B81831 /* FavoritePlacesManager.swift */; };
		9B5D5B4E27F3459900B81831 /* RegisterNewListView.swift in Sources */ = {isa = PBXBuildFile; fileRef = 9B5D5B4D27F3459900B81831 /* RegisterNewListView.swift */; };
		9B5FD61527C519ED004B60E6 /* AddTabView.swift in Sources */ = {isa = PBXBuildFile; fileRef = 9B5FD61427C519ED004B60E6 /* AddTabView.swift */; };
		9B6A1F6127B4AAFD00D160DC /* LocationManager.swift in Sources */ = {isa = PBXBuildFile; fileRef = 9B6A1F6027B4AAFD00D160DC /* LocationManager.swift */; };
		9B6A1F6327B4B6C200D160DC /* ApiKeys.plist in Resources */ = {isa = PBXBuildFile; fileRef = 9B6A1F6227B4B6C200D160DC /* ApiKeys.plist */; };
		9B6C0D2527C895F900376373 /* AddTabViewModel.swift in Sources */ = {isa = PBXBuildFile; fileRef = 9B6C0D2427C895F900376373 /* AddTabViewModel.swift */; };
		9B6C0D2727C8966600376373 /* RequestPlaceView.swift in Sources */ = {isa = PBXBuildFile; fileRef = 9B6C0D2627C8966600376373 /* RequestPlaceView.swift */; };
		9B6C0D2927C89C0400376373 /* RegisterPlaceView.swift in Sources */ = {isa = PBXBuildFile; fileRef = 9B6C0D2827C89C0400376373 /* RegisterPlaceView.swift */; };
		9B7D508427CCE8750015ED2C /* ProfileTabView.swift in Sources */ = {isa = PBXBuildFile; fileRef = 9B7D508327CCE8740015ED2C /* ProfileTabView.swift */; };
		9B82F64227CF198E0081A701 /* AlertStyleModifier.swift in Sources */ = {isa = PBXBuildFile; fileRef = 9B82F64127CF198E0081A701 /* AlertStyleModifier.swift */; };
		9B82F64427CF1A8F0081A701 /* NewNameAlertView.swift in Sources */ = {isa = PBXBuildFile; fileRef = 9B82F64327CF1A8F0081A701 /* NewNameAlertView.swift */; };
		9B82F64627CF1FA80081A701 /* ThemedTextField.swift in Sources */ = {isa = PBXBuildFile; fileRef = 9B82F64527CF1FA80081A701 /* ThemedTextField.swift */; };
		9B82F64827CF298E0081A701 /* AlertModifier.swift in Sources */ = {isa = PBXBuildFile; fileRef = 9B82F64727CF298E0081A701 /* AlertModifier.swift */; };
		9B82F64B27D079150081A701 /* UIMapViewModel.swift in Sources */ = {isa = PBXBuildFile; fileRef = 9B82F64A27D079150081A701 /* UIMapViewModel.swift */; };
		9B84668027981E0F00066F04 /* NaverLoginAPI.swift in Sources */ = {isa = PBXBuildFile; fileRef = 9B84667F27981E0E00066F04 /* NaverLoginAPI.swift */; };
		9B84668227981E5200066F04 /* NaverLoginDelegate.swift in Sources */ = {isa = PBXBuildFile; fileRef = 9B84668127981E5200066F04 /* NaverLoginDelegate.swift */; };
		9B84668627982E7800066F04 /* NaverLoginView.swift in Sources */ = {isa = PBXBuildFile; fileRef = 9B84668527982E7800066F04 /* NaverLoginView.swift */; };
		9B846689279852DA00066F04 /* AppleLoginDelegate.swift in Sources */ = {isa = PBXBuildFile; fileRef = 9B846688279852DA00066F04 /* AppleLoginDelegate.swift */; };
		9B84668E279854A700066F04 /* AppleLogInView.swift in Sources */ = {isa = PBXBuildFile; fileRef = 9B84668D279854A700066F04 /* AppleLogInView.swift */; };
		9B846690279856C200066F04 /* EnvironmentKeys.swift in Sources */ = {isa = PBXBuildFile; fileRef = 9B84668F279856C200066F04 /* EnvironmentKeys.swift */; };
		9B8466962798574F00066F04 /* AppleUserData.swift in Sources */ = {isa = PBXBuildFile; fileRef = 9B8466922798574E00066F04 /* AppleUserData.swift */; };
		9B91641627AE6065005FAC4A /* AppleLoginViewModel.swift in Sources */ = {isa = PBXBuildFile; fileRef = 9B91641527AE6065005FAC4A /* AppleLoginViewModel.swift */; };
		9B91641A27AF82C3005FAC4A /* UserInfoManager.swift in Sources */ = {isa = PBXBuildFile; fileRef = 9B91641927AF82C3005FAC4A /* UserInfoManager.swift */; };
		9B91641C27AF88C0005FAC4A /* AuthAPIManager.swift in Sources */ = {isa = PBXBuildFile; fileRef = 9B91641B27AF88C0005FAC4A /* AuthAPIManager.swift */; };
		9B9D77C527D7455300326BB5 /* PlaceDetailView.swift in Sources */ = {isa = PBXBuildFile; fileRef = 9B9D77C427D7455300326BB5 /* PlaceDetailView.swift */; };
		9B9FCE4C27B4C80300DCCF9D /* NotificationView.swift in Sources */ = {isa = PBXBuildFile; fileRef = 9B9FCE4B27B4C80300DCCF9D /* NotificationView.swift */; };
		9BA012A727D8D1500080F245 /* PlaceInfoManager.swift in Sources */ = {isa = PBXBuildFile; fileRef = 9BA012A627D8D1500080F245 /* PlaceInfoManager.swift */; };
		9BA7886F27A23F67002A0CB8 /* NaverLoginViewModel.swift in Sources */ = {isa = PBXBuildFile; fileRef = 9BA7886E27A23F67002A0CB8 /* NaverLoginViewModel.swift */; };
		9BB8E67027DB6DB400E07AD0 /* BottomSheet in Frameworks */ = {isa = PBXBuildFile; productRef = 9BB8E66F27DB6DB400E07AD0 /* BottomSheet */; };
		9BB8E67327DB6DEB00E07AD0 /* SwiftUIPager in Frameworks */ = {isa = PBXBuildFile; productRef = 9BB8E67227DB6DEB00E07AD0 /* SwiftUIPager */; };
		9BCC370127D70A6E00E88F72 /* Animations.swift in Sources */ = {isa = PBXBuildFile; fileRef = 9BCC370027D70A6E00E88F72 /* Animations.swift */; };
		9BEDED2B27A26B8A00EE560C /* View + Extensions.swift in Sources */ = {isa = PBXBuildFile; fileRef = 9BEDED2A27A26B8A00EE560C /* View + Extensions.swift */; };
		9BF582C7279ADDEB0068805E /* NaverUserData.swift in Sources */ = {isa = PBXBuildFile; fileRef = 9BF582C6279ADDEB0068805E /* NaverUserData.swift */; };
		9BF582C9279B8AF90068805E /* LogInView.swift in Sources */ = {isa = PBXBuildFile; fileRef = 9BF582C8279B8AF90068805E /* LogInView.swift */; };
		9BFBB99F27C743DD002C5F10 /* SearchResultsView.swift in Sources */ = {isa = PBXBuildFile; fileRef = 9BFBB99E27C743DD002C5F10 /* SearchResultsView.swift */; };
		9BFBB9A127C76361002C5F10 /* SearchResultsViewModel.swift in Sources */ = {isa = PBXBuildFile; fileRef = 9BFBB9A027C76361002C5F10 /* SearchResultsViewModel.swift */; };
		C1E57CCEE0673CDEBD22B5D4 /* Pods_place_kr_app.framework in Frameworks */ = {isa = PBXBuildFile; fileRef = F1A347437C52C1C27B681B8F /* Pods_place_kr_app.framework */; };
/* End PBXBuildFile section */

/* Begin PBXFileReference section */
		9B01412527C8FE810030CDC7 /* MyPlaceRowView.swift */ = {isa = PBXFileReference; lastKnownFileType = sourcecode.swift; path = MyPlaceRowView.swift; sourceTree = "<group>"; };
		9B025B5E27DB6A1000B3271A /* Settings.bundle */ = {isa = PBXFileReference; lastKnownFileType = "wrapper.plug-in"; path = Settings.bundle; sourceTree = "<group>"; };
		9B0FCE0727D4C1E3003A9CFA /* SheetModifier.swift */ = {isa = PBXFileReference; lastKnownFileType = sourcecode.swift; path = SheetModifier.swift; sourceTree = "<group>"; };
		9B20A6582796F42A0029CA0E /* place-kr-app.app */ = {isa = PBXFileReference; explicitFileType = wrapper.application; includeInIndex = 0; path = "place-kr-app.app"; sourceTree = BUILT_PRODUCTS_DIR; };
		9B20A65B2796F42A0029CA0E /* AppDelegate.swift */ = {isa = PBXFileReference; lastKnownFileType = sourcecode.swift; path = AppDelegate.swift; sourceTree = "<group>"; };
		9B20A65D2796F42A0029CA0E /* SceneDelegate.swift */ = {isa = PBXFileReference; lastKnownFileType = sourcecode.swift; path = SceneDelegate.swift; sourceTree = "<group>"; };
		9B20A6642796F42B0029CA0E /* Assets.xcassets */ = {isa = PBXFileReference; lastKnownFileType = folder.assetcatalog; path = Assets.xcassets; sourceTree = "<group>"; };
		9B20A6672796F42B0029CA0E /* Base */ = {isa = PBXFileReference; lastKnownFileType = file.storyboard; name = Base; path = Base.lproj/LaunchScreen.storyboard; sourceTree = "<group>"; };
		9B20A6692796F42B0029CA0E /* Info.plist */ = {isa = PBXFileReference; lastKnownFileType = text.plist.xml; path = Info.plist; sourceTree = "<group>"; };
		9B20A66F2796F4D80029CA0E /* ContentView.swift */ = {isa = PBXFileReference; lastKnownFileType = sourcecode.swift; path = ContentView.swift; sourceTree = "<group>"; };
		9B2AB36C27A015B700B30242 /* OnboardingView.swift */ = {isa = PBXFileReference; lastKnownFileType = sourcecode.swift; path = OnboardingView.swift; sourceTree = "<group>"; };
		9B2BCB0C27D895E800C1C16E /* Color + Extensions.swift */ = {isa = PBXFileReference; lastKnownFileType = sourcecode.swift; path = "Color + Extensions.swift"; sourceTree = "<group>"; };
		9B35BA4B27CDDA4B0013C1EA /* TabsView.swift */ = {isa = PBXFileReference; lastKnownFileType = sourcecode.swift; path = TabsView.swift; sourceTree = "<group>"; };
		9B35BA4E27CDFC430013C1EA /* LoginManager.swift */ = {isa = PBXFileReference; lastKnownFileType = sourcecode.swift; path = LoginManager.swift; sourceTree = "<group>"; };
		9B3DE9A127BE2FAE00DAD9CC /* MyPlaceView.swift */ = {isa = PBXFileReference; lastKnownFileType = sourcecode.swift; path = MyPlaceView.swift; sourceTree = "<group>"; };
		9B3DE9A327BE337D00DAD9CC /* Font + Extensions.swift */ = {isa = PBXFileReference; lastKnownFileType = sourcecode.swift; path = "Font + Extensions.swift"; sourceTree = "<group>"; };
		9B43E02727C9C9AA0042F9C4 /* PlaceListDetailView.swift */ = {isa = PBXFileReference; lastKnownFileType = sourcecode.swift; path = PlaceListDetailView.swift; sourceTree = "<group>"; };
		9B43E02927C9DB0F0042F9C4 /* DummyData.swift */ = {isa = PBXFileReference; lastKnownFileType = sourcecode.swift; path = DummyData.swift; sourceTree = "<group>"; };
		9B43E02B27C9EE410042F9C4 /* SimplePlaceCardView.swift */ = {isa = PBXFileReference; lastKnownFileType = sourcecode.swift; path = SimplePlaceCardView.swift; sourceTree = "<group>"; };
		9B43E02D27C9F97A0042F9C4 /* MyPlacerowViewModel.swift */ = {isa = PBXFileReference; lastKnownFileType = sourcecode.swift; path = MyPlacerowViewModel.swift; sourceTree = "<group>"; };
		9B44BEF527C5E7D600755AD5 /* LargePlaceCardView.swift */ = {isa = PBXFileReference; lastKnownFileType = sourcecode.swift; path = LargePlaceCardView.swift; sourceTree = "<group>"; };
		9B44BEF727C5E98E00755AD5 /* PlaceCardView.swift */ = {isa = PBXFileReference; lastKnownFileType = sourcecode.swift; path = PlaceCardView.swift; sourceTree = "<group>"; };
		9B44BEF927C6217300755AD5 /* SearchBarView.swift */ = {isa = PBXFileReference; lastKnownFileType = sourcecode.swift; path = SearchBarView.swift; sourceTree = "<group>"; };
		9B4A02D727A6B8240037D05F /* MapView.swift */ = {isa = PBXFileReference; lastKnownFileType = sourcecode.swift; path = MapView.swift; sourceTree = "<group>"; };
		9B4A02DB27A6BD170037D05F /* UIMapView.swift */ = {isa = PBXFileReference; lastKnownFileType = sourcecode.swift; path = UIMapView.swift; sourceTree = "<group>"; };
		9B51C8B827B0D98700F3B76C /* PlaceSearchManager.swift */ = {isa = PBXFileReference; lastKnownFileType = sourcecode.swift; path = PlaceSearchManager.swift; sourceTree = "<group>"; };
		9B51C8BE27B0EB2700F3B76C /* Place.swift */ = {isa = PBXFileReference; lastKnownFileType = sourcecode.swift; path = Place.swift; sourceTree = "<group>"; };
		9B51C8C027B0F15200F3B76C /* SearchFieldView.swift */ = {isa = PBXFileReference; lastKnownFileType = sourcecode.swift; path = SearchFieldView.swift; sourceTree = "<group>"; };
		9B51C8C327B0F21300F3B76C /* SearchManager.swift */ = {isa = PBXFileReference; lastKnownFileType = sourcecode.swift; path = SearchManager.swift; sourceTree = "<group>"; };
		9B5D5B4927F33AEF00B81831 /* FavoritePlacesManager.swift */ = {isa = PBXFileReference; lastKnownFileType = sourcecode.swift; path = FavoritePlacesManager.swift; sourceTree = "<group>"; };
		9B5D5B4D27F3459900B81831 /* RegisterNewListView.swift */ = {isa = PBXFileReference; lastKnownFileType = sourcecode.swift; path = RegisterNewListView.swift; sourceTree = "<group>"; };
		9B5FD61427C519ED004B60E6 /* AddTabView.swift */ = {isa = PBXFileReference; lastKnownFileType = sourcecode.swift; path = AddTabView.swift; sourceTree = "<group>"; };
		9B6A1F6027B4AAFD00D160DC /* LocationManager.swift */ = {isa = PBXFileReference; fileEncoding = 4; lastKnownFileType = sourcecode.swift; path = LocationManager.swift; sourceTree = "<group>"; };
		9B6A1F6227B4B6C200D160DC /* ApiKeys.plist */ = {isa = PBXFileReference; lastKnownFileType = text.plist.xml; path = ApiKeys.plist; sourceTree = "<group>"; };
		9B6C0D2427C895F900376373 /* AddTabViewModel.swift */ = {isa = PBXFileReference; lastKnownFileType = sourcecode.swift; path = AddTabViewModel.swift; sourceTree = "<group>"; };
		9B6C0D2627C8966600376373 /* RequestPlaceView.swift */ = {isa = PBXFileReference; lastKnownFileType = sourcecode.swift; path = RequestPlaceView.swift; sourceTree = "<group>"; };
		9B6C0D2827C89C0400376373 /* RegisterPlaceView.swift */ = {isa = PBXFileReference; lastKnownFileType = sourcecode.swift; path = RegisterPlaceView.swift; sourceTree = "<group>"; };
		9B7D508327CCE8740015ED2C /* ProfileTabView.swift */ = {isa = PBXFileReference; lastKnownFileType = sourcecode.swift; path = ProfileTabView.swift; sourceTree = "<group>"; };
		9B82F64127CF198E0081A701 /* AlertStyleModifier.swift */ = {isa = PBXFileReference; lastKnownFileType = sourcecode.swift; path = AlertStyleModifier.swift; sourceTree = "<group>"; };
		9B82F64327CF1A8F0081A701 /* NewNameAlertView.swift */ = {isa = PBXFileReference; lastKnownFileType = sourcecode.swift; path = NewNameAlertView.swift; sourceTree = "<group>"; };
		9B82F64527CF1FA80081A701 /* ThemedTextField.swift */ = {isa = PBXFileReference; lastKnownFileType = sourcecode.swift; path = ThemedTextField.swift; sourceTree = "<group>"; };
		9B82F64727CF298E0081A701 /* AlertModifier.swift */ = {isa = PBXFileReference; lastKnownFileType = sourcecode.swift; path = AlertModifier.swift; sourceTree = "<group>"; };
		9B82F64927D05D3B0081A701 /* MyPlayground.playground */ = {isa = PBXFileReference; lastKnownFileType = file.playground; path = MyPlayground.playground; sourceTree = "<group>"; xcLanguageSpecificationIdentifier = xcode.lang.swift; };
		9B82F64A27D079150081A701 /* UIMapViewModel.swift */ = {isa = PBXFileReference; lastKnownFileType = sourcecode.swift; path = UIMapViewModel.swift; sourceTree = "<group>"; };
		9B84667F27981E0E00066F04 /* NaverLoginAPI.swift */ = {isa = PBXFileReference; lastKnownFileType = sourcecode.swift; path = NaverLoginAPI.swift; sourceTree = "<group>"; };
		9B84668127981E5200066F04 /* NaverLoginDelegate.swift */ = {isa = PBXFileReference; lastKnownFileType = sourcecode.swift; path = NaverLoginDelegate.swift; sourceTree = "<group>"; };
		9B84668527982E7800066F04 /* NaverLoginView.swift */ = {isa = PBXFileReference; lastKnownFileType = sourcecode.swift; path = NaverLoginView.swift; sourceTree = "<group>"; };
		9B846688279852DA00066F04 /* AppleLoginDelegate.swift */ = {isa = PBXFileReference; lastKnownFileType = sourcecode.swift; path = AppleLoginDelegate.swift; sourceTree = "<group>"; };
		9B84668B2798543F00066F04 /* place-kr-app.entitlements */ = {isa = PBXFileReference; lastKnownFileType = text.plist.entitlements; path = "place-kr-app.entitlements"; sourceTree = SOURCE_ROOT; };
		9B84668D279854A700066F04 /* AppleLogInView.swift */ = {isa = PBXFileReference; lastKnownFileType = sourcecode.swift; path = AppleLogInView.swift; sourceTree = "<group>"; };
		9B84668F279856C200066F04 /* EnvironmentKeys.swift */ = {isa = PBXFileReference; lastKnownFileType = sourcecode.swift; path = EnvironmentKeys.swift; sourceTree = "<group>"; };
		9B8466922798574E00066F04 /* AppleUserData.swift */ = {isa = PBXFileReference; fileEncoding = 4; lastKnownFileType = sourcecode.swift; path = AppleUserData.swift; sourceTree = "<group>"; };
		9B91641527AE6065005FAC4A /* AppleLoginViewModel.swift */ = {isa = PBXFileReference; lastKnownFileType = sourcecode.swift; path = AppleLoginViewModel.swift; sourceTree = "<group>"; };
		9B91641927AF82C3005FAC4A /* UserInfoManager.swift */ = {isa = PBXFileReference; lastKnownFileType = sourcecode.swift; path = UserInfoManager.swift; sourceTree = "<group>"; };
		9B91641B27AF88C0005FAC4A /* AuthAPIManager.swift */ = {isa = PBXFileReference; lastKnownFileType = sourcecode.swift; path = AuthAPIManager.swift; sourceTree = "<group>"; };
		9B9D77C427D7455300326BB5 /* PlaceDetailView.swift */ = {isa = PBXFileReference; lastKnownFileType = sourcecode.swift; path = PlaceDetailView.swift; sourceTree = "<group>"; };
		9B9FCE4B27B4C80300DCCF9D /* NotificationView.swift */ = {isa = PBXFileReference; lastKnownFileType = sourcecode.swift; path = NotificationView.swift; sourceTree = "<group>"; };
		9BA012A627D8D1500080F245 /* PlaceInfoManager.swift */ = {isa = PBXFileReference; lastKnownFileType = sourcecode.swift; path = PlaceInfoManager.swift; sourceTree = "<group>"; };
		9BA7886E27A23F67002A0CB8 /* NaverLoginViewModel.swift */ = {isa = PBXFileReference; lastKnownFileType = sourcecode.swift; path = NaverLoginViewModel.swift; sourceTree = "<group>"; };
		9BCC370027D70A6E00E88F72 /* Animations.swift */ = {isa = PBXFileReference; lastKnownFileType = sourcecode.swift; path = Animations.swift; sourceTree = "<group>"; };
		9BEDED2A27A26B8A00EE560C /* View + Extensions.swift */ = {isa = PBXFileReference; lastKnownFileType = sourcecode.swift; path = "View + Extensions.swift"; sourceTree = "<group>"; };
		9BF582C6279ADDEB0068805E /* NaverUserData.swift */ = {isa = PBXFileReference; lastKnownFileType = sourcecode.swift; path = NaverUserData.swift; sourceTree = "<group>"; };
		9BF582C8279B8AF90068805E /* LogInView.swift */ = {isa = PBXFileReference; lastKnownFileType = sourcecode.swift; path = LogInView.swift; sourceTree = "<group>"; };
		9BFBB99E27C743DD002C5F10 /* SearchResultsView.swift */ = {isa = PBXFileReference; lastKnownFileType = sourcecode.swift; path = SearchResultsView.swift; sourceTree = "<group>"; };
		9BFBB9A027C76361002C5F10 /* SearchResultsViewModel.swift */ = {isa = PBXFileReference; lastKnownFileType = sourcecode.swift; path = SearchResultsViewModel.swift; sourceTree = "<group>"; };
		AA35C7AE8C712DACC6E4842A /* Pods-place-kr-app.debug.xcconfig */ = {isa = PBXFileReference; includeInIndex = 1; lastKnownFileType = text.xcconfig; name = "Pods-place-kr-app.debug.xcconfig"; path = "Target Support Files/Pods-place-kr-app/Pods-place-kr-app.debug.xcconfig"; sourceTree = "<group>"; };
		E2112456F33453C2A4353562 /* Pods-place-kr-app.release.xcconfig */ = {isa = PBXFileReference; includeInIndex = 1; lastKnownFileType = text.xcconfig; name = "Pods-place-kr-app.release.xcconfig"; path = "Target Support Files/Pods-place-kr-app/Pods-place-kr-app.release.xcconfig"; sourceTree = "<group>"; };
		F1A347437C52C1C27B681B8F /* Pods_place_kr_app.framework */ = {isa = PBXFileReference; explicitFileType = wrapper.framework; includeInIndex = 0; path = Pods_place_kr_app.framework; sourceTree = BUILT_PRODUCTS_DIR; };
/* End PBXFileReference section */

/* Begin PBXFrameworksBuildPhase section */
		9B20A6552796F42A0029CA0E /* Frameworks */ = {
			isa = PBXFrameworksBuildPhase;
			buildActionMask = 2147483647;
			files = (
				C1E57CCEE0673CDEBD22B5D4 /* Pods_place_kr_app.framework in Frameworks */,
				9BB8E67027DB6DB400E07AD0 /* BottomSheet in Frameworks */,
				9BB8E67327DB6DEB00E07AD0 /* SwiftUIPager in Frameworks */,
			);
			runOnlyForDeploymentPostprocessing = 0;
		};
/* End PBXFrameworksBuildPhase section */

/* Begin PBXGroup section */
		28C84BCB79E644595219EAD7 /* Pods */ = {
			isa = PBXGroup;
			children = (
				AA35C7AE8C712DACC6E4842A /* Pods-place-kr-app.debug.xcconfig */,
				E2112456F33453C2A4353562 /* Pods-place-kr-app.release.xcconfig */,
			);
			path = Pods;
			sourceTree = "<group>";
		};
		9B0FCE0627D4C1AD003A9CFA /* Sheets */ = {
			isa = PBXGroup;
			children = (
				9B0FCE0727D4C1E3003A9CFA /* SheetModifier.swift */,
			);
			path = Sheets;
			sourceTree = "<group>";
		};
		9B20A64F2796F42A0029CA0E = {
			isa = PBXGroup;
			children = (
				9B025B5E27DB6A1000B3271A /* Settings.bundle */,
				9B6A1F6227B4B6C200D160DC /* ApiKeys.plist */,
				9B20A65A2796F42A0029CA0E /* place-kr-app */,
				9B20A6592796F42A0029CA0E /* Products */,
				28C84BCB79E644595219EAD7 /* Pods */,
				E79B3834E65BF6C6E80DF196 /* Frameworks */,
			);
			sourceTree = "<group>";
		};
		9B20A6592796F42A0029CA0E /* Products */ = {
			isa = PBXGroup;
			children = (
				9B20A6582796F42A0029CA0E /* place-kr-app.app */,
			);
			name = Products;
			sourceTree = "<group>";
		};
		9B20A65A2796F42A0029CA0E /* place-kr-app */ = {
			isa = PBXGroup;
			children = (
				9BEDED2927A26B7400EE560C /* Util */,
				9B4A02D627A6AC2D0037D05F /* Support Files */,
				9B22944B27990018000805F0 /* Login */,
				9B22944C27990023000805F0 /* Onboarding */,
				9B44BEF427C5D77900755AD5 /* Tabs */,
				9B20A66F2796F4D80029CA0E /* ContentView.swift */,
				9B20A6692796F42B0029CA0E /* Info.plist */,
				9B84668B2798543F00066F04 /* place-kr-app.entitlements */,
				9B20A6642796F42B0029CA0E /* Assets.xcassets */,
				9B20A6662796F42B0029CA0E /* LaunchScreen.storyboard */,
				9B82F64927D05D3B0081A701 /* MyPlayground.playground */,
			);
			path = "place-kr-app";
			sourceTree = "<group>";
		};
		9B22944B27990018000805F0 /* Login */ = {
			isa = PBXGroup;
			children = (
				9B91641B27AF88C0005FAC4A /* AuthAPIManager.swift */,
				9B35BA4E27CDFC430013C1EA /* LoginManager.swift */,
				9B84668327982E5D00066F04 /* Naver Login */,
				9B846687279852C300066F04 /* Apple Login */,
				9BF582C8279B8AF90068805E /* LogInView.swift */,
			);
			path = Login;
			sourceTree = "<group>";
		};
		9B22944C27990023000805F0 /* Onboarding */ = {
			isa = PBXGroup;
			children = (
				9B2AB36C27A015B700B30242 /* OnboardingView.swift */,
			);
			path = Onboarding;
			sourceTree = "<group>";
		};
		9B35BA4D27CDDA570013C1EA /* Components */ = {
			isa = PBXGroup;
			children = (
				9B0FCE0627D4C1AD003A9CFA /* Sheets */,
				9B51C8BD27B0EB1600F3B76C /* Place */,
				9B82F63E27CE5DF20081A701 /* Alerts */,
				9B51C8C227B0F1FE00F3B76C /* SearchField */,
				9B7D508527CCEA9F0015ED2C /* PlaceCard */,
			);
			path = Components;
			sourceTree = "<group>";
		};
		9B3DE9A027BE2E3000DAD9CC /* MyPlaceTab */ = {
			isa = PBXGroup;
			children = (
				9B3DE9A127BE2FAE00DAD9CC /* MyPlaceView.swift */,
				9B43E02727C9C9AA0042F9C4 /* PlaceListDetailView.swift */,
				9B01412527C8FE810030CDC7 /* MyPlaceRowView.swift */,
				9B43E02D27C9F97A0042F9C4 /* MyPlacerowViewModel.swift */,
			);
			path = MyPlaceTab;
			sourceTree = "<group>";
		};
		9B44BEF427C5D77900755AD5 /* Tabs */ = {
			isa = PBXGroup;
			children = (
				9B35BA4B27CDDA4B0013C1EA /* TabsView.swift */,
				9B35BA4D27CDDA570013C1EA /* Components */,
				9B4A02D527A6AC1E0037D05F /* MapTab */,
				9B3DE9A027BE2E3000DAD9CC /* MyPlaceTab */,
				9B5FD61327C519DE004B60E6 /* AddTab */,
				9B7D508227CCE8560015ED2C /* ProfileTab */,
			);
			path = Tabs;
			sourceTree = "<group>";
		};
		9B4A02D527A6AC1E0037D05F /* MapTab */ = {
			isa = PBXGroup;
			children = (
				9BA012A627D8D1500080F245 /* PlaceInfoManager.swift */,
				9B5D5B4927F33AEF00B81831 /* FavoritePlacesManager.swift */,
				9B6A1F6027B4AAFD00D160DC /* LocationManager.swift */,
				9B5D5B4D27F3459900B81831 /* RegisterNewListView.swift */,
				9B9D77C427D7455300326BB5 /* PlaceDetailView.swift */,
				9B4A02D727A6B8240037D05F /* MapView.swift */,
				9B4A02DB27A6BD170037D05F /* UIMapView.swift */,
				9B82F64A27D079150081A701 /* UIMapViewModel.swift */,
				9B9FCE4927B4C7E000DCCF9D /* Notification */,
			);
			path = MapTab;
			sourceTree = "<group>";
		};
		9B4A02D627A6AC2D0037D05F /* Support Files */ = {
			isa = PBXGroup;
			children = (
				9B20A65B2796F42A0029CA0E /* AppDelegate.swift */,
				9B20A65D2796F42A0029CA0E /* SceneDelegate.swift */,
				9B84668F279856C200066F04 /* EnvironmentKeys.swift */,
			);
			path = "Support Files";
			sourceTree = "<group>";
		};
		9B51C8BD27B0EB1600F3B76C /* Place */ = {
			isa = PBXGroup;
			children = (
				9B51C8BE27B0EB2700F3B76C /* Place.swift */,
				9B51C8B827B0D98700F3B76C /* PlaceSearchManager.swift */,
			);
			path = Place;
			sourceTree = "<group>";
		};
		9B51C8C227B0F1FE00F3B76C /* SearchField */ = {
			isa = PBXGroup;
			children = (
				9B51C8C027B0F15200F3B76C /* SearchFieldView.swift */,
				9B51C8C327B0F21300F3B76C /* SearchManager.swift */,
				9B44BEF927C6217300755AD5 /* SearchBarView.swift */,
				9B82F64527CF1FA80081A701 /* ThemedTextField.swift */,
			);
			path = SearchField;
			sourceTree = "<group>";
		};
		9B5FD61327C519DE004B60E6 /* AddTab */ = {
			isa = PBXGroup;
			children = (
				9B5FD61427C519ED004B60E6 /* AddTabView.swift */,
				9B6C0D2427C895F900376373 /* AddTabViewModel.swift */,
				9BFBB99E27C743DD002C5F10 /* SearchResultsView.swift */,
				9BFBB9A027C76361002C5F10 /* SearchResultsViewModel.swift */,
				9B6C0D2627C8966600376373 /* RequestPlaceView.swift */,
				9B6C0D2827C89C0400376373 /* RegisterPlaceView.swift */,
			);
			path = AddTab;
			sourceTree = "<group>";
		};
		9B7D508227CCE8560015ED2C /* ProfileTab */ = {
			isa = PBXGroup;
			children = (
				9B7D508327CCE8740015ED2C /* ProfileTabView.swift */,
			);
			path = ProfileTab;
			sourceTree = "<group>";
		};
		9B7D508527CCEA9F0015ED2C /* PlaceCard */ = {
			isa = PBXGroup;
			children = (
				9B44BEF527C5E7D600755AD5 /* LargePlaceCardView.swift */,
				9B44BEF727C5E98E00755AD5 /* PlaceCardView.swift */,
				9B43E02B27C9EE410042F9C4 /* SimplePlaceCardView.swift */,
			);
			path = PlaceCard;
			sourceTree = "<group>";
		};
		9B82F63E27CE5DF20081A701 /* Alerts */ = {
			isa = PBXGroup;
			children = (
				9B82F64727CF298E0081A701 /* AlertModifier.swift */,
				9B82F64127CF198E0081A701 /* AlertStyleModifier.swift */,
				9B82F64327CF1A8F0081A701 /* NewNameAlertView.swift */,
			);
			path = Alerts;
			sourceTree = "<group>";
		};
		9B84668327982E5D00066F04 /* Naver Login */ = {
			isa = PBXGroup;
			children = (
				9BF582C5279ADDDB0068805E /* Model */,
				9B84668527982E7800066F04 /* NaverLoginView.swift */,
				9BA7886E27A23F67002A0CB8 /* NaverLoginViewModel.swift */,
			);
			path = "Naver Login";
			sourceTree = "<group>";
		};
		9B846687279852C300066F04 /* Apple Login */ = {
			isa = PBXGroup;
			children = (
				9B8466912798572E00066F04 /* Model */,
				9B84668D279854A700066F04 /* AppleLogInView.swift */,
				9B91641527AE6065005FAC4A /* AppleLoginViewModel.swift */,
			);
			name = "Apple Login";
			path = ..;
			sourceTree = "<group>";
		};
		9B8466912798572E00066F04 /* Model */ = {
			isa = PBXGroup;
			children = (
				9B846688279852DA00066F04 /* AppleLoginDelegate.swift */,
				9B8466922798574E00066F04 /* AppleUserData.swift */,
			);
			name = Model;
			sourceTree = "<group>";
		};
		9B9FCE4927B4C7E000DCCF9D /* Notification */ = {
			isa = PBXGroup;
			children = (
				9B9FCE4B27B4C80300DCCF9D /* NotificationView.swift */,
			);
			path = Notification;
			sourceTree = "<group>";
		};
		9BEDED2927A26B7400EE560C /* Util */ = {
			isa = PBXGroup;
			children = (
				9BCC370027D70A6E00E88F72 /* Animations.swift */,
				9BEDED2A27A26B8A00EE560C /* View + Extensions.swift */,
				9B2BCB0C27D895E800C1C16E /* Color + Extensions.swift */,
				9B3DE9A327BE337D00DAD9CC /* Font + Extensions.swift */,
				9B91641927AF82C3005FAC4A /* UserInfoManager.swift */,
				9B43E02927C9DB0F0042F9C4 /* DummyData.swift */,
			);
			path = Util;
			sourceTree = "<group>";
		};
		9BF582C5279ADDDB0068805E /* Model */ = {
			isa = PBXGroup;
			children = (
				9B84668127981E5200066F04 /* NaverLoginDelegate.swift */,
				9B84667F27981E0E00066F04 /* NaverLoginAPI.swift */,
				9BF582C6279ADDEB0068805E /* NaverUserData.swift */,
			);
			path = Model;
			sourceTree = "<group>";
		};
		E79B3834E65BF6C6E80DF196 /* Frameworks */ = {
			isa = PBXGroup;
			children = (
				F1A347437C52C1C27B681B8F /* Pods_place_kr_app.framework */,
			);
			name = Frameworks;
			sourceTree = "<group>";
		};
/* End PBXGroup section */

/* Begin PBXNativeTarget section */
		9B20A6572796F42A0029CA0E /* place-kr-app */ = {
			isa = PBXNativeTarget;
			buildConfigurationList = 9B20A66C2796F42B0029CA0E /* Build configuration list for PBXNativeTarget "place-kr-app" */;
			buildPhases = (
				9A2A8B2E3736B2032AFC399A /* [CP] Check Pods Manifest.lock */,
				9B20A6542796F42A0029CA0E /* Sources */,
				9B20A6552796F42A0029CA0E /* Frameworks */,
				9B20A6562796F42A0029CA0E /* Resources */,
				1469EF26E0431AB864A11B7E /* [CP] Embed Pods Frameworks */,
			);
			buildRules = (
			);
			dependencies = (
			);
			name = "place-kr-app";
			packageProductDependencies = (
				9BB8E66F27DB6DB400E07AD0 /* BottomSheet */,
				9BB8E67227DB6DEB00E07AD0 /* SwiftUIPager */,
			);
			productName = "place-kr-app";
			productReference = 9B20A6582796F42A0029CA0E /* place-kr-app.app */;
			productType = "com.apple.product-type.application";
		};
/* End PBXNativeTarget section */

/* Begin PBXProject section */
		9B20A6502796F42A0029CA0E /* Project object */ = {
			isa = PBXProject;
			attributes = {
				BuildIndependentTargetsInParallel = 1;
				LastSwiftUpdateCheck = 1320;
				LastUpgradeCheck = 1320;
				TargetAttributes = {
					9B20A6572796F42A0029CA0E = {
						CreatedOnToolsVersion = 13.2.1;
					};
				};
			};
			buildConfigurationList = 9B20A6532796F42A0029CA0E /* Build configuration list for PBXProject "place-kr-app" */;
			compatibilityVersion = "Xcode 13.0";
			developmentRegion = en;
			hasScannedForEncodings = 0;
			knownRegions = (
				en,
				Base,
			);
			mainGroup = 9B20A64F2796F42A0029CA0E;
			packageReferences = (
				9BB8E66E27DB6DB400E07AD0 /* XCRemoteSwiftPackageReference "BottomSheet" */,
				9BB8E67127DB6DEB00E07AD0 /* XCRemoteSwiftPackageReference "SwiftUIPager" */,
			);
			productRefGroup = 9B20A6592796F42A0029CA0E /* Products */;
			projectDirPath = "";
			projectRoot = "";
			targets = (
				9B20A6572796F42A0029CA0E /* place-kr-app */,
			);
		};
/* End PBXProject section */

/* Begin PBXResourcesBuildPhase section */
		9B20A6562796F42A0029CA0E /* Resources */ = {
			isa = PBXResourcesBuildPhase;
			buildActionMask = 2147483647;
			files = (
				9B025B5F27DB6A1000B3271A /* Settings.bundle in Resources */,
				9B6A1F6327B4B6C200D160DC /* ApiKeys.plist in Resources */,
				9B20A6682796F42B0029CA0E /* LaunchScreen.storyboard in Resources */,
				9B20A6652796F42B0029CA0E /* Assets.xcassets in Resources */,
			);
			runOnlyForDeploymentPostprocessing = 0;
		};
/* End PBXResourcesBuildPhase section */

/* Begin PBXShellScriptBuildPhase section */
		1469EF26E0431AB864A11B7E /* [CP] Embed Pods Frameworks */ = {
			isa = PBXShellScriptBuildPhase;
			buildActionMask = 2147483647;
			files = (
			);
			inputFileListPaths = (
				"${PODS_ROOT}/Target Support Files/Pods-place-kr-app/Pods-place-kr-app-frameworks-${CONFIGURATION}-input-files.xcfilelist",
			);
			name = "[CP] Embed Pods Frameworks";
			outputFileListPaths = (
				"${PODS_ROOT}/Target Support Files/Pods-place-kr-app/Pods-place-kr-app-frameworks-${CONFIGURATION}-output-files.xcfilelist",
			);
			runOnlyForDeploymentPostprocessing = 0;
			shellPath = /bin/sh;
			shellScript = "\"${PODS_ROOT}/Target Support Files/Pods-place-kr-app/Pods-place-kr-app-frameworks.sh\"\n";
			showEnvVarsInLog = 0;
		};
		9A2A8B2E3736B2032AFC399A /* [CP] Check Pods Manifest.lock */ = {
			isa = PBXShellScriptBuildPhase;
			buildActionMask = 2147483647;
			files = (
			);
			inputFileListPaths = (
			);
			inputPaths = (
				"${PODS_PODFILE_DIR_PATH}/Podfile.lock",
				"${PODS_ROOT}/Manifest.lock",
			);
			name = "[CP] Check Pods Manifest.lock";
			outputFileListPaths = (
			);
			outputPaths = (
				"$(DERIVED_FILE_DIR)/Pods-place-kr-app-checkManifestLockResult.txt",
			);
			runOnlyForDeploymentPostprocessing = 0;
			shellPath = /bin/sh;
			shellScript = "diff \"${PODS_PODFILE_DIR_PATH}/Podfile.lock\" \"${PODS_ROOT}/Manifest.lock\" > /dev/null\nif [ $? != 0 ] ; then\n    # print error to STDERR\n    echo \"error: The sandbox is not in sync with the Podfile.lock. Run 'pod install' or update your CocoaPods installation.\" >&2\n    exit 1\nfi\n# This output is used by Xcode 'outputs' to avoid re-running this script phase.\necho \"SUCCESS\" > \"${SCRIPT_OUTPUT_FILE_0}\"\n";
			showEnvVarsInLog = 0;
		};
/* End PBXShellScriptBuildPhase section */

/* Begin PBXSourcesBuildPhase section */
		9B20A6542796F42A0029CA0E /* Sources */ = {
			isa = PBXSourcesBuildPhase;
			buildActionMask = 2147483647;
			files = (
				9B51C8BF27B0EB2700F3B76C /* Place.swift in Sources */,
				9B6C0D2927C89C0400376373 /* RegisterPlaceView.swift in Sources */,
				9B0FCE0827D4C1E3003A9CFA /* SheetModifier.swift in Sources */,
				9B84668E279854A700066F04 /* AppleLogInView.swift in Sources */,
				9B43E02827C9C9AA0042F9C4 /* PlaceListDetailView.swift in Sources */,
				9B82F64B27D079150081A701 /* UIMapViewModel.swift in Sources */,
				9B6A1F6127B4AAFD00D160DC /* LocationManager.swift in Sources */,
				9B9FCE4C27B4C80300DCCF9D /* NotificationView.swift in Sources */,
				9BFBB9A127C76361002C5F10 /* SearchResultsViewModel.swift in Sources */,
				9B4A02D827A6B8240037D05F /* MapView.swift in Sources */,
				9B5D5B4E27F3459900B81831 /* RegisterNewListView.swift in Sources */,
				9B2BCB0D27D895E800C1C16E /* Color + Extensions.swift in Sources */,
				9B91641A27AF82C3005FAC4A /* UserInfoManager.swift in Sources */,
				9BCC370127D70A6E00E88F72 /* Animations.swift in Sources */,
				9B20A65C2796F42A0029CA0E /* AppDelegate.swift in Sources */,
				9B6C0D2527C895F900376373 /* AddTabViewModel.swift in Sources */,
				9B44BEFA27C6217300755AD5 /* SearchBarView.swift in Sources */,
				9B51C8C127B0F15200F3B76C /* SearchFieldView.swift in Sources */,
				9B35BA4F27CDFC430013C1EA /* LoginManager.swift in Sources */,
				9B44BEF827C5E98E00755AD5 /* PlaceCardView.swift in Sources */,
				9B84668027981E0F00066F04 /* NaverLoginAPI.swift in Sources */,
				9B43E02A27C9DB0F0042F9C4 /* DummyData.swift in Sources */,
				9BEDED2B27A26B8A00EE560C /* View + Extensions.swift in Sources */,
				9B3DE9A227BE2FAE00DAD9CC /* MyPlaceView.swift in Sources */,
				9B7D508427CCE8750015ED2C /* ProfileTabView.swift in Sources */,
				9B43E02E27C9F97A0042F9C4 /* MyPlacerowViewModel.swift in Sources */,
				9BFBB99F27C743DD002C5F10 /* SearchResultsView.swift in Sources */,
				9B846690279856C200066F04 /* EnvironmentKeys.swift in Sources */,
				9B44BEF627C5E7D600755AD5 /* LargePlaceCardView.swift in Sources */,
				9B82F64627CF1FA80081A701 /* ThemedTextField.swift in Sources */,
				9B01412627C8FE810030CDC7 /* MyPlaceRowView.swift in Sources */,
				9B35BA4C27CDDA4B0013C1EA /* TabsView.swift in Sources */,
				9B9D77C527D7455300326BB5 /* PlaceDetailView.swift in Sources */,
				9B82F64227CF198E0081A701 /* AlertStyleModifier.swift in Sources */,
				9B82F64827CF298E0081A701 /* AlertModifier.swift in Sources */,
				9B91641C27AF88C0005FAC4A /* AuthAPIManager.swift in Sources */,
				9B20A6702796F4D80029CA0E /* ContentView.swift in Sources */,
				9B4A02DC27A6BD170037D05F /* UIMapView.swift in Sources */,
				9BF582C7279ADDEB0068805E /* NaverUserData.swift in Sources */,
				9BA012A727D8D1500080F245 /* PlaceInfoManager.swift in Sources */,
				9BF582C9279B8AF90068805E /* LogInView.swift in Sources */,
				9B846689279852DA00066F04 /* AppleLoginDelegate.swift in Sources */,
				9B6C0D2727C8966600376373 /* RequestPlaceView.swift in Sources */,
				9B51C8C427B0F21300F3B76C /* SearchManager.swift in Sources */,
				9B5FD61527C519ED004B60E6 /* AddTabView.swift in Sources */,
				9BA7886F27A23F67002A0CB8 /* NaverLoginViewModel.swift in Sources */,
				9B84668627982E7800066F04 /* NaverLoginView.swift in Sources */,
				9B2AB36D27A015B700B30242 /* OnboardingView.swift in Sources */,
				9B91641627AE6065005FAC4A /* AppleLoginViewModel.swift in Sources */,
				9B43E02C27C9EE410042F9C4 /* SimplePlaceCardView.swift in Sources */,
				9B5D5B4A27F33AEF00B81831 /* FavoritePlacesManager.swift in Sources */,
				9B3DE9A427BE337D00DAD9CC /* Font + Extensions.swift in Sources */,
				9B84668227981E5200066F04 /* NaverLoginDelegate.swift in Sources */,
				9B8466962798574F00066F04 /* AppleUserData.swift in Sources */,
				9B20A65E2796F42A0029CA0E /* SceneDelegate.swift in Sources */,
				9B51C8B927B0D98700F3B76C /* PlaceSearchManager.swift in Sources */,
				9B82F64427CF1A8F0081A701 /* NewNameAlertView.swift in Sources */,
			);
			runOnlyForDeploymentPostprocessing = 0;
		};
/* End PBXSourcesBuildPhase section */

/* Begin PBXVariantGroup section */
		9B20A6662796F42B0029CA0E /* LaunchScreen.storyboard */ = {
			isa = PBXVariantGroup;
			children = (
				9B20A6672796F42B0029CA0E /* Base */,
			);
			name = LaunchScreen.storyboard;
			sourceTree = "<group>";
		};
/* End PBXVariantGroup section */

/* Begin XCBuildConfiguration section */
		9B20A66A2796F42B0029CA0E /* Debug */ = {
			isa = XCBuildConfiguration;
			buildSettings = {
				ALWAYS_SEARCH_USER_PATHS = NO;
				BUILD_LIBRARY_FOR_DISTRIBUTION = YES;
				CLANG_ANALYZER_NONNULL = YES;
				CLANG_ANALYZER_NUMBER_OBJECT_CONVERSION = YES_AGGRESSIVE;
				CLANG_CXX_LANGUAGE_STANDARD = "gnu++17";
				CLANG_CXX_LIBRARY = "libc++";
				CLANG_ENABLE_MODULES = YES;
				CLANG_ENABLE_OBJC_ARC = YES;
				CLANG_ENABLE_OBJC_WEAK = YES;
				CLANG_WARN_BLOCK_CAPTURE_AUTORELEASING = YES;
				CLANG_WARN_BOOL_CONVERSION = YES;
				CLANG_WARN_COMMA = YES;
				CLANG_WARN_CONSTANT_CONVERSION = YES;
				CLANG_WARN_DEPRECATED_OBJC_IMPLEMENTATIONS = YES;
				CLANG_WARN_DIRECT_OBJC_ISA_USAGE = YES_ERROR;
				CLANG_WARN_DOCUMENTATION_COMMENTS = YES;
				CLANG_WARN_EMPTY_BODY = YES;
				CLANG_WARN_ENUM_CONVERSION = YES;
				CLANG_WARN_INFINITE_RECURSION = YES;
				CLANG_WARN_INT_CONVERSION = YES;
				CLANG_WARN_NON_LITERAL_NULL_CONVERSION = YES;
				CLANG_WARN_OBJC_IMPLICIT_RETAIN_SELF = YES;
				CLANG_WARN_OBJC_LITERAL_CONVERSION = YES;
				CLANG_WARN_OBJC_ROOT_CLASS = YES_ERROR;
				CLANG_WARN_QUOTED_INCLUDE_IN_FRAMEWORK_HEADER = YES;
				CLANG_WARN_RANGE_LOOP_ANALYSIS = YES;
				CLANG_WARN_STRICT_PROTOTYPES = YES;
				CLANG_WARN_SUSPICIOUS_MOVE = YES;
				CLANG_WARN_UNGUARDED_AVAILABILITY = YES_AGGRESSIVE;
				CLANG_WARN_UNREACHABLE_CODE = YES;
				CLANG_WARN__DUPLICATE_METHOD_MATCH = YES;
				COPY_PHASE_STRIP = NO;
				DEBUG_INFORMATION_FORMAT = dwarf;
				ENABLE_STRICT_OBJC_MSGSEND = YES;
				ENABLE_TESTABILITY = YES;
				GCC_C_LANGUAGE_STANDARD = gnu11;
				GCC_DYNAMIC_NO_PIC = NO;
				GCC_NO_COMMON_BLOCKS = YES;
				GCC_OPTIMIZATION_LEVEL = 0;
				GCC_PREPROCESSOR_DEFINITIONS = (
					"DEBUG=1",
					"$(inherited)",
				);
				GCC_WARN_64_TO_32_BIT_CONVERSION = YES;
				GCC_WARN_ABOUT_RETURN_TYPE = YES_ERROR;
				GCC_WARN_UNDECLARED_SELECTOR = YES;
				GCC_WARN_UNINITIALIZED_AUTOS = YES_AGGRESSIVE;
				GCC_WARN_UNUSED_FUNCTION = YES;
				GCC_WARN_UNUSED_VARIABLE = YES;
				IPHONEOS_DEPLOYMENT_TARGET = 13.0;
				MTL_ENABLE_DEBUG_INFO = INCLUDE_SOURCE;
				MTL_FAST_MATH = YES;
				ONLY_ACTIVE_ARCH = YES;
				SDKROOT = iphoneos;
				SWIFT_ACTIVE_COMPILATION_CONDITIONS = DEBUG;
				SWIFT_OPTIMIZATION_LEVEL = "-Onone";
			};
			name = Debug;
		};
		9B20A66B2796F42B0029CA0E /* Release */ = {
			isa = XCBuildConfiguration;
			buildSettings = {
				ALWAYS_SEARCH_USER_PATHS = NO;
				BUILD_LIBRARY_FOR_DISTRIBUTION = YES;
				CLANG_ANALYZER_NONNULL = YES;
				CLANG_ANALYZER_NUMBER_OBJECT_CONVERSION = YES_AGGRESSIVE;
				CLANG_CXX_LANGUAGE_STANDARD = "gnu++17";
				CLANG_CXX_LIBRARY = "libc++";
				CLANG_ENABLE_MODULES = YES;
				CLANG_ENABLE_OBJC_ARC = YES;
				CLANG_ENABLE_OBJC_WEAK = YES;
				CLANG_WARN_BLOCK_CAPTURE_AUTORELEASING = YES;
				CLANG_WARN_BOOL_CONVERSION = YES;
				CLANG_WARN_COMMA = YES;
				CLANG_WARN_CONSTANT_CONVERSION = YES;
				CLANG_WARN_DEPRECATED_OBJC_IMPLEMENTATIONS = YES;
				CLANG_WARN_DIRECT_OBJC_ISA_USAGE = YES_ERROR;
				CLANG_WARN_DOCUMENTATION_COMMENTS = YES;
				CLANG_WARN_EMPTY_BODY = YES;
				CLANG_WARN_ENUM_CONVERSION = YES;
				CLANG_WARN_INFINITE_RECURSION = YES;
				CLANG_WARN_INT_CONVERSION = YES;
				CLANG_WARN_NON_LITERAL_NULL_CONVERSION = YES;
				CLANG_WARN_OBJC_IMPLICIT_RETAIN_SELF = YES;
				CLANG_WARN_OBJC_LITERAL_CONVERSION = YES;
				CLANG_WARN_OBJC_ROOT_CLASS = YES_ERROR;
				CLANG_WARN_QUOTED_INCLUDE_IN_FRAMEWORK_HEADER = YES;
				CLANG_WARN_RANGE_LOOP_ANALYSIS = YES;
				CLANG_WARN_STRICT_PROTOTYPES = YES;
				CLANG_WARN_SUSPICIOUS_MOVE = YES;
				CLANG_WARN_UNGUARDED_AVAILABILITY = YES_AGGRESSIVE;
				CLANG_WARN_UNREACHABLE_CODE = YES;
				CLANG_WARN__DUPLICATE_METHOD_MATCH = YES;
				COPY_PHASE_STRIP = NO;
				DEBUG_INFORMATION_FORMAT = "dwarf-with-dsym";
				ENABLE_NS_ASSERTIONS = NO;
				ENABLE_STRICT_OBJC_MSGSEND = YES;
				GCC_C_LANGUAGE_STANDARD = gnu11;
				GCC_NO_COMMON_BLOCKS = YES;
				GCC_WARN_64_TO_32_BIT_CONVERSION = YES;
				GCC_WARN_ABOUT_RETURN_TYPE = YES_ERROR;
				GCC_WARN_UNDECLARED_SELECTOR = YES;
				GCC_WARN_UNINITIALIZED_AUTOS = YES_AGGRESSIVE;
				GCC_WARN_UNUSED_FUNCTION = YES;
				GCC_WARN_UNUSED_VARIABLE = YES;
				IPHONEOS_DEPLOYMENT_TARGET = 13.0;
				MTL_ENABLE_DEBUG_INFO = NO;
				MTL_FAST_MATH = YES;
				ONLY_ACTIVE_ARCH = YES;
				SDKROOT = iphoneos;
				SWIFT_COMPILATION_MODE = wholemodule;
				SWIFT_OPTIMIZATION_LEVEL = "-O";
				VALIDATE_PRODUCT = YES;
			};
			name = Release;
		};
		9B20A66D2796F42B0029CA0E /* Debug */ = {
			isa = XCBuildConfiguration;
			baseConfigurationReference = AA35C7AE8C712DACC6E4842A /* Pods-place-kr-app.debug.xcconfig */;
			buildSettings = {
				ALWAYS_EMBED_SWIFT_STANDARD_LIBRARIES = YES;
				ASSETCATALOG_COMPILER_APPICON_NAME = AppIcon;
				ASSETCATALOG_COMPILER_GLOBAL_ACCENT_COLOR_NAME = AccentColor;
				CODE_SIGN_ENTITLEMENTS = "place-kr-app/place-kr-app.entitlements";
				CODE_SIGN_STYLE = Automatic;
				CURRENT_PROJECT_VERSION = 1;
				DEVELOPMENT_TEAM = W6QHM4Y43Z;
				GENERATE_INFOPLIST_FILE = YES;
				INFOPLIST_FILE = "place-kr-app/Info.plist";
				INFOPLIST_KEY_NSLocationAlwaysAndWhenInUseUsageDescription = "해당 앱은 플레이스 정보 조회를 위해 사용자의 현위치를 필요로합니다.";
				INFOPLIST_KEY_NSLocationWhenInUseUsageDescription = "해당 앱은 플레이스 정보 조회를 위해 사용자의 현위치를 필요로합니다.";
				INFOPLIST_KEY_UIApplicationSupportsIndirectInputEvents = YES;
				INFOPLIST_KEY_UILaunchStoryboardName = LaunchScreen;
				INFOPLIST_KEY_UISupportedInterfaceOrientations_iPad = "UIInterfaceOrientationPortrait UIInterfaceOrientationPortraitUpsideDown UIInterfaceOrientationLandscapeLeft UIInterfaceOrientationLandscapeRight";
				INFOPLIST_KEY_UISupportedInterfaceOrientations_iPhone = "UIInterfaceOrientationPortrait UIInterfaceOrientationLandscapeLeft UIInterfaceOrientationLandscapeRight";
				LD_RUNPATH_SEARCH_PATHS = (
					"$(inherited)",
					"@executable_path/Frameworks",
				);
				MARKETING_VERSION = 1.0;
				PRODUCT_BUNDLE_IDENTIFIER = com.enebin.placekrapp;
				PRODUCT_NAME = "$(TARGET_NAME)";
				SWIFT_EMIT_LOC_STRINGS = YES;
				SWIFT_VERSION = 5.0;
				TARGETED_DEVICE_FAMILY = 1;
			};
			name = Debug;
		};
		9B20A66E2796F42B0029CA0E /* Release */ = {
			isa = XCBuildConfiguration;
			baseConfigurationReference = E2112456F33453C2A4353562 /* Pods-place-kr-app.release.xcconfig */;
			buildSettings = {
				ALWAYS_EMBED_SWIFT_STANDARD_LIBRARIES = YES;
				ASSETCATALOG_COMPILER_APPICON_NAME = AppIcon;
				ASSETCATALOG_COMPILER_GLOBAL_ACCENT_COLOR_NAME = AccentColor;
				CODE_SIGN_ENTITLEMENTS = "place-kr-app/place-kr-app.entitlements";
				CODE_SIGN_STYLE = Automatic;
				CURRENT_PROJECT_VERSION = 1;
				DEVELOPMENT_TEAM = W6QHM4Y43Z;
				GENERATE_INFOPLIST_FILE = YES;
				INFOPLIST_FILE = "place-kr-app/Info.plist";
				INFOPLIST_KEY_NSLocationAlwaysAndWhenInUseUsageDescription = "해당 앱은 플레이스 정보 조회를 위해 사용자의 현위치를 필요로합니다.";
				INFOPLIST_KEY_NSLocationWhenInUseUsageDescription = "해당 앱은 플레이스 정보 조회를 위해 사용자의 현위치를 필요로합니다.";
				INFOPLIST_KEY_UIApplicationSupportsIndirectInputEvents = YES;
				INFOPLIST_KEY_UILaunchStoryboardName = LaunchScreen;
				INFOPLIST_KEY_UISupportedInterfaceOrientations_iPad = "UIInterfaceOrientationPortrait UIInterfaceOrientationPortraitUpsideDown UIInterfaceOrientationLandscapeLeft UIInterfaceOrientationLandscapeRight";
				INFOPLIST_KEY_UISupportedInterfaceOrientations_iPhone = "UIInterfaceOrientationPortrait UIInterfaceOrientationLandscapeLeft UIInterfaceOrientationLandscapeRight";
				LD_RUNPATH_SEARCH_PATHS = (
					"$(inherited)",
					"@executable_path/Frameworks",
				);
				MARKETING_VERSION = 1.0;
				PRODUCT_BUNDLE_IDENTIFIER = com.enebin.placekrapp;
				PRODUCT_NAME = "$(TARGET_NAME)";
				SWIFT_EMIT_LOC_STRINGS = YES;
				SWIFT_VERSION = 5.0;
				TARGETED_DEVICE_FAMILY = 1;
			};
			name = Release;
		};
/* End XCBuildConfiguration section */

/* Begin XCConfigurationList section */
		9B20A6532796F42A0029CA0E /* Build configuration list for PBXProject "place-kr-app" */ = {
			isa = XCConfigurationList;
			buildConfigurations = (
				9B20A66A2796F42B0029CA0E /* Debug */,
				9B20A66B2796F42B0029CA0E /* Release */,
			);
			defaultConfigurationIsVisible = 0;
			defaultConfigurationName = Release;
		};
		9B20A66C2796F42B0029CA0E /* Build configuration list for PBXNativeTarget "place-kr-app" */ = {
			isa = XCConfigurationList;
			buildConfigurations = (
				9B20A66D2796F42B0029CA0E /* Debug */,
				9B20A66E2796F42B0029CA0E /* Release */,
			);
			defaultConfigurationIsVisible = 0;
			defaultConfigurationName = Release;
		};
/* End XCConfigurationList section */

/* Begin XCRemoteSwiftPackageReference section */
		9BB8E66E27DB6DB400E07AD0 /* XCRemoteSwiftPackageReference "BottomSheet" */ = {
			isa = XCRemoteSwiftPackageReference;
			repositoryURL = "https://github.com/LucasMucGH/BottomSheet";
			requirement = {
				kind = upToNextMajorVersion;
				minimumVersion = 2.0.0;
			};
		};
		9BB8E67127DB6DEB00E07AD0 /* XCRemoteSwiftPackageReference "SwiftUIPager" */ = {
			isa = XCRemoteSwiftPackageReference;
			repositoryURL = "https://github.com/fermoya/SwiftUIPager";
			requirement = {
				kind = upToNextMajorVersion;
				minimumVersion = 2.0.0;
			};
		};
/* End XCRemoteSwiftPackageReference section */

/* Begin XCSwiftPackageProductDependency section */
		9BB8E66F27DB6DB400E07AD0 /* BottomSheet */ = {
			isa = XCSwiftPackageProductDependency;
			package = 9BB8E66E27DB6DB400E07AD0 /* XCRemoteSwiftPackageReference "BottomSheet" */;
			productName = BottomSheet;
		};
		9BB8E67227DB6DEB00E07AD0 /* SwiftUIPager */ = {
			isa = XCSwiftPackageProductDependency;
			package = 9BB8E67127DB6DEB00E07AD0 /* XCRemoteSwiftPackageReference "SwiftUIPager" */;
			productName = SwiftUIPager;
		};
/* End XCSwiftPackageProductDependency section */
	};
	rootObject = 9B20A6502796F42A0029CA0E /* Project object */;
}
